
Microsoft Visual Studio Solution File, Format Version 12.00
# Visual Studio Version 17
VisualStudioVersion = 17.9.34616.47
MinimumVisualStudioVersion = 10.0.40219.1
Project("{FAE04EC0-301F-11D3-BF4B-00C04F79EFBC}") = "cs2-xray", "cs2-xray.csproj", "{2624BB93-DA3D-41D5-A493-68C4BB3453BD}"
EndProject
Global
	GlobalSection(SolutionConfigurationPlatforms) = preSolution
		Debug|Any CPU = Debug|Any CPU
		Release|Any CPU = Release|Any CPU
	EndGlobalSection
	GlobalSection(ProjectConfigurationPlatforms) = postSolution
		{2624BB93-DA3D-41D5-A493-68C4BB3453BD}.Debug|Any CPU.ActiveCfg = Debug|Any CPU
		{2624BB93-DA3D-41D5-A493-68C4BB3453BD}.Debug|Any CPU.Build.0 = Debug|Any CPU
		{2624BB93-DA3D-41D5-A493-68C4BB3453BD}.Release|Any CPU.ActiveCfg = Release|Any CPU
		{2624BB93-DA3D-41D5-A493-68C4BB3453BD}.Release|Any CPU.Build.0 = Release|Any CPU
	EndGlobalSection
	GlobalSection(SolutionProperties) = preSolution
		HideSolutionNode = FALSE
	EndGlobalSection
	GlobalSection(ExtensibilityGlobals) = postSolution
		SolutionGuid = {486D34D9-12E6-45E4-87CD-0140CB5B36F2}
	EndGlobalSection
EndGlobal
